
Microsoft Visual Studio Solution File, Format Version 12.00
# Visual Studio Version 17
VisualStudioVersion = 17.11.35327.3
MinimumVisualStudioVersion = 10.0.40219.1
Project("{9A19103F-16F7-4668-BE54-9A1E7A4F7556}") = "PortfolioWebsite.Api", "PortfolioWebsite.Api\PortfolioWebsite.Api.csproj", "{71EF92E9-B492-443F-B86A-7692222D5E84}"
EndProject
Project("{FAE04EC0-301F-11D3-BF4B-00C04F79EFBC}") = "PortfolioWebsite.Common", "PortfolioWebsite.Common\PortfolioWebsite.Common.csproj", "{A2C0866D-342B-429F-AB02-5F5B37C09614}"
EndProject
Global
	GlobalSection(SolutionConfigurationPlatforms) = preSolution
		Debug|Any CPU = Debug|Any CPU
		Release|Any CPU = Release|Any CPU
	EndGlobalSection
	GlobalSection(ProjectConfigurationPlatforms) = postSolution
		{71EF92E9-B492-443F-B86A-7692222D5E84}.Debug|Any CPU.ActiveCfg = Debug|Any CPU
		{71EF92E9-B492-443F-B86A-7692222D5E84}.Debug|Any CPU.Build.0 = Debug|Any CPU
		{71EF92E9-B492-443F-B86A-7692222D5E84}.Release|Any CPU.ActiveCfg = Release|Any CPU
		{71EF92E9-B492-443F-B86A-7692222D5E84}.Release|Any CPU.Build.0 = Release|Any CPU
		{A2C0866D-342B-429F-AB02-5F5B37C09614}.Debug|Any CPU.ActiveCfg = Debug|Any CPU
		{A2C0866D-342B-429F-AB02-5F5B37C09614}.Debug|Any CPU.Build.0 = Debug|Any CPU
		{A2C0866D-342B-429F-AB02-5F5B37C09614}.Release|Any CPU.ActiveCfg = Release|Any CPU
		{A2C0866D-342B-429F-AB02-5F5B37C09614}.Release|Any CPU.Build.0 = Release|Any CPU
	EndGlobalSection
	GlobalSection(SolutionProperties) = preSolution
		HideSolutionNode = FALSE
	EndGlobalSection
	GlobalSection(ExtensibilityGlobals) = postSolution
		SolutionGuid = {95302228-2082-4C48-8D81-5D3995C4DB15}
	EndGlobalSection
EndGlobal
